
Microsoft Visual Studio Solution File, Format Version 12.00
# Visual Studio Version 17
VisualStudioVersion = 17.5.33414.496
MinimumVisualStudioVersion = 10.0.40219.1
Project("{8BC9CEB8-8B4A-11D0-8D11-00A0C91BC942}") = "exercisedua_186", "exercisedua_186\exercisedua_186.vcxproj", "{544371FE-E354-4ACD-A394-8E15A034451A}"
EndProject
Global
	GlobalSection(SolutionConfigurationPlatforms) = preSolution
		Debug|x64 = Debug|x64
		Debug|x86 = Debug|x86
		Release|x64 = Release|x64
		Release|x86 = Release|x86
	EndGlobalSection
	GlobalSection(ProjectConfigurationPlatforms) = postSolution
		{544371FE-E354-4ACD-A394-8E15A034451A}.Debug|x64.ActiveCfg = Debug|x64
		{544371FE-E354-4ACD-A394-8E15A034451A}.Debug|x64.Build.0 = Debug|x64
		{544371FE-E354-4ACD-A394-8E15A034451A}.Debug|x86.ActiveCfg = Debug|Win32
		{544371FE-E354-4ACD-A394-8E15A034451A}.Debug|x86.Build.0 = Debug|Win32
		{544371FE-E354-4ACD-A394-8E15A034451A}.Release|x64.ActiveCfg = Release|x64
		{544371FE-E354-4ACD-A394-8E15A034451A}.Release|x64.Build.0 = Release|x64
		{544371FE-E354-4ACD-A394-8E15A034451A}.Release|x86.ActiveCfg = Release|Win32
		{544371FE-E354-4ACD-A394-8E15A034451A}.Release|x86.Build.0 = Release|Win32
	EndGlobalSection
	GlobalSection(SolutionProperties) = preSolution
		HideSolutionNode = FALSE
	EndGlobalSection
	GlobalSection(ExtensibilityGlobals) = postSolution
		SolutionGuid = {EE82069B-B147-4279-BA4B-0E3A359FC634}
	EndGlobalSection
EndGlobal
